
Microsoft Visual Studio Solution File, Format Version 12.00
# Visual Studio Version 17
VisualStudioVersion = 17.0.32002.185
MinimumVisualStudioVersion = 10.0.40219.1
Project("{9A19103F-16F7-4668-BE54-9A1E7A4F7556}") = "Micro.Services.Orders", "src\Micro.Services.Orders\Micro.Services.Orders.csproj", "{B6836F7A-033F-4755-9F48-630F53147AD4}"
EndProject
Project("{9A19103F-16F7-4668-BE54-9A1E7A4F7556}") = "Micro.ApiGateway", "src\Micro.ApiGateway\Micro.ApiGateway.csproj", "{CA8BE88B-D4C4-47FC-BB89-D6AEB263892F}"
EndProject
Project("{9A19103F-16F7-4668-BE54-9A1E7A4F7556}") = "Micro.Infrastructure", "src\Micro.Infrastructure\Micro.Infrastructure.csproj", "{3664D476-D12C-4CC9-B0EE-7D8DBBD2D221}"
EndProject
Global
	GlobalSection(SolutionConfigurationPlatforms) = preSolution
		Debug|Any CPU = Debug|Any CPU
		Release|Any CPU = Release|Any CPU
	EndGlobalSection
	GlobalSection(ProjectConfigurationPlatforms) = postSolution
		{B6836F7A-033F-4755-9F48-630F53147AD4}.Debug|Any CPU.ActiveCfg = Debug|Any CPU
		{B6836F7A-033F-4755-9F48-630F53147AD4}.Debug|Any CPU.Build.0 = Debug|Any CPU
		{B6836F7A-033F-4755-9F48-630F53147AD4}.Release|Any CPU.ActiveCfg = Release|Any CPU
		{B6836F7A-033F-4755-9F48-630F53147AD4}.Release|Any CPU.Build.0 = Release|Any CPU
		{CA8BE88B-D4C4-47FC-BB89-D6AEB263892F}.Debug|Any CPU.ActiveCfg = Debug|Any CPU
		{CA8BE88B-D4C4-47FC-BB89-D6AEB263892F}.Debug|Any CPU.Build.0 = Debug|Any CPU
		{CA8BE88B-D4C4-47FC-BB89-D6AEB263892F}.Release|Any CPU.ActiveCfg = Release|Any CPU
		{CA8BE88B-D4C4-47FC-BB89-D6AEB263892F}.Release|Any CPU.Build.0 = Release|Any CPU
		{3664D476-D12C-4CC9-B0EE-7D8DBBD2D221}.Debug|Any CPU.ActiveCfg = Debug|Any CPU
		{3664D476-D12C-4CC9-B0EE-7D8DBBD2D221}.Debug|Any CPU.Build.0 = Debug|Any CPU
		{3664D476-D12C-4CC9-B0EE-7D8DBBD2D221}.Release|Any CPU.ActiveCfg = Release|Any CPU
		{3664D476-D12C-4CC9-B0EE-7D8DBBD2D221}.Release|Any CPU.Build.0 = Release|Any CPU
	EndGlobalSection
	GlobalSection(SolutionProperties) = preSolution
		HideSolutionNode = FALSE
	EndGlobalSection
	GlobalSection(ExtensibilityGlobals) = postSolution
		SolutionGuid = {A262F76F-EB94-4174-A87D-A837C0774192}
	EndGlobalSection
EndGlobal
